
Microsoft Visual Studio Solution File, Format Version 12.00
# Visual Studio 15
VisualStudioVersion = 15.0.28307.1259
MinimumVisualStudioVersion = 10.0.40219.1
Project("{FAE04EC0-301F-11D3-BF4B-00C04F79EFBC}") = "UntoldProject", "UntoldProject\UntoldProject.csproj", "{7359E6A9-DE7A-4CA4-B2A3-4292D1A532FB}"
EndProject
Global
	GlobalSection(SolutionConfigurationPlatforms) = preSolution
		Debug|Any CPU = Debug|Any CPU
		Release|Any CPU = Release|Any CPU
	EndGlobalSection
	GlobalSection(ProjectConfigurationPlatforms) = postSolution
		{7359E6A9-DE7A-4CA4-B2A3-4292D1A532FB}.Debug|Any CPU.ActiveCfg = Debug|Any CPU
		{7359E6A9-DE7A-4CA4-B2A3-4292D1A532FB}.Debug|Any CPU.Build.0 = Debug|Any CPU
		{7359E6A9-DE7A-4CA4-B2A3-4292D1A532FB}.Release|Any CPU.ActiveCfg = Release|Any CPU
		{7359E6A9-DE7A-4CA4-B2A3-4292D1A532FB}.Release|Any CPU.Build.0 = Release|Any CPU
	EndGlobalSection
	GlobalSection(SolutionProperties) = preSolution
		HideSolutionNode = FALSE
	EndGlobalSection
	GlobalSection(ExtensibilityGlobals) = postSolution
		SolutionGuid = {B40B1389-0ED0-441D-93F8-CB88B2F812F1}
	EndGlobalSection
EndGlobal
